
Microsoft Visual Studio Solution File, Format Version 12.00
# Visual Studio 15
VisualStudioVersion = 15.0.26124.0
MinimumVisualStudioVersion = 15.0.26124.0
Project("{FAE04EC0-301F-11D3-BF4B-00C04F79EFBC}") = "API", "API\API.csproj", "{2F519043-8045-463C-BD4E-001539925782}"
EndProject
Project("{FAE04EC0-301F-11D3-BF4B-00C04F79EFBC}") = "Core", "Core\Core.csproj", "{6ED999C9-5083-40CB-9C21-738DB31EEF7B}"
EndProject
Project("{FAE04EC0-301F-11D3-BF4B-00C04F79EFBC}") = "Infrastructure", "Infrastructure\Infrastructure.csproj", "{C3EBB7D7-FF3B-4448-B980-A18AD3D5BD49}"
EndProject
Global
	GlobalSection(SolutionConfigurationPlatforms) = preSolution
		Debug|Any CPU = Debug|Any CPU
		Debug|x64 = Debug|x64
		Debug|x86 = Debug|x86
		Release|Any CPU = Release|Any CPU
		Release|x64 = Release|x64
		Release|x86 = Release|x86
	EndGlobalSection
	GlobalSection(SolutionProperties) = preSolution
		HideSolutionNode = FALSE
	EndGlobalSection
	GlobalSection(ProjectConfigurationPlatforms) = postSolution
		{2F519043-8045-463C-BD4E-001539925782}.Debug|Any CPU.ActiveCfg = Debug|Any CPU
		{2F519043-8045-463C-BD4E-001539925782}.Debug|Any CPU.Build.0 = Debug|Any CPU
		{2F519043-8045-463C-BD4E-001539925782}.Debug|x64.ActiveCfg = Debug|Any CPU
		{2F519043-8045-463C-BD4E-001539925782}.Debug|x64.Build.0 = Debug|Any CPU
		{2F519043-8045-463C-BD4E-001539925782}.Debug|x86.ActiveCfg = Debug|Any CPU
		{2F519043-8045-463C-BD4E-001539925782}.Debug|x86.Build.0 = Debug|Any CPU
		{2F519043-8045-463C-BD4E-001539925782}.Release|Any CPU.ActiveCfg = Release|Any CPU
		{2F519043-8045-463C-BD4E-001539925782}.Release|Any CPU.Build.0 = Release|Any CPU
		{2F519043-8045-463C-BD4E-001539925782}.Release|x64.ActiveCfg = Release|Any CPU
		{2F519043-8045-463C-BD4E-001539925782}.Release|x64.Build.0 = Release|Any CPU
		{2F519043-8045-463C-BD4E-001539925782}.Release|x86.ActiveCfg = Release|Any CPU
		{2F519043-8045-463C-BD4E-001539925782}.Release|x86.Build.0 = Release|Any CPU
		{6ED999C9-5083-40CB-9C21-738DB31EEF7B}.Debug|Any CPU.ActiveCfg = Debug|Any CPU
		{6ED999C9-5083-40CB-9C21-738DB31EEF7B}.Debug|Any CPU.Build.0 = Debug|Any CPU
		{6ED999C9-5083-40CB-9C21-738DB31EEF7B}.Debug|x64.ActiveCfg = Debug|Any CPU
		{6ED999C9-5083-40CB-9C21-738DB31EEF7B}.Debug|x64.Build.0 = Debug|Any CPU
		{6ED999C9-5083-40CB-9C21-738DB31EEF7B}.Debug|x86.ActiveCfg = Debug|Any CPU
		{6ED999C9-5083-40CB-9C21-738DB31EEF7B}.Debug|x86.Build.0 = Debug|Any CPU
		{6ED999C9-5083-40CB-9C21-738DB31EEF7B}.Release|Any CPU.ActiveCfg = Release|Any CPU
		{6ED999C9-5083-40CB-9C21-738DB31EEF7B}.Release|Any CPU.Build.0 = Release|Any CPU
		{6ED999C9-5083-40CB-9C21-738DB31EEF7B}.Release|x64.ActiveCfg = Release|Any CPU
		{6ED999C9-5083-40CB-9C21-738DB31EEF7B}.Release|x64.Build.0 = Release|Any CPU
		{6ED999C9-5083-40CB-9C21-738DB31EEF7B}.Release|x86.ActiveCfg = Release|Any CPU
		{6ED999C9-5083-40CB-9C21-738DB31EEF7B}.Release|x86.Build.0 = Release|Any CPU
		{C3EBB7D7-FF3B-4448-B980-A18AD3D5BD49}.Debug|Any CPU.ActiveCfg = Debug|Any CPU
		{C3EBB7D7-FF3B-4448-B980-A18AD3D5BD49}.Debug|Any CPU.Build.0 = Debug|Any CPU
		{C3EBB7D7-FF3B-4448-B980-A18AD3D5BD49}.Debug|x64.ActiveCfg = Debug|Any CPU
		{C3EBB7D7-FF3B-4448-B980-A18AD3D5BD49}.Debug|x64.Build.0 = Debug|Any CPU
		{C3EBB7D7-FF3B-4448-B980-A18AD3D5BD49}.Debug|x86.ActiveCfg = Debug|Any CPU
		{C3EBB7D7-FF3B-4448-B980-A18AD3D5BD49}.Debug|x86.Build.0 = Debug|Any CPU
		{C3EBB7D7-FF3B-4448-B980-A18AD3D5BD49}.Release|Any CPU.ActiveCfg = Release|Any CPU
		{C3EBB7D7-FF3B-4448-B980-A18AD3D5BD49}.Release|Any CPU.Build.0 = Release|Any CPU
		{C3EBB7D7-FF3B-4448-B980-A18AD3D5BD49}.Release|x64.ActiveCfg = Release|Any CPU
		{C3EBB7D7-FF3B-4448-B980-A18AD3D5BD49}.Release|x64.Build.0 = Release|Any CPU
		{C3EBB7D7-FF3B-4448-B980-A18AD3D5BD49}.Release|x86.ActiveCfg = Release|Any CPU
		{C3EBB7D7-FF3B-4448-B980-A18AD3D5BD49}.Release|x86.Build.0 = Release|Any CPU
	EndGlobalSection
EndGlobal
